
Microsoft Visual Studio Solution File, Format Version 12.00
# Visual Studio Version 17
VisualStudioVersion = 17.10.35027.167
MinimumVisualStudioVersion = 10.0.40219.1
Project("{FAE04EC0-301F-11D3-BF4B-00C04F79EFBC}") = "TangYuan.Demo", "..\TangYuan.Demo\TangYuan.Demo.csproj", "{F7041F29-DF2D-4395-B7AC-C2D4C165B39B}"
EndProject
Project("{FAE04EC0-301F-11D3-BF4B-00C04F79EFBC}") = "TangYuan", "src\OpenTangYuan\TangYuan.csproj", "{85D9BA82-6272-E344-DD1E-85D09B902C4F}"
EndProject
Project("{2150E333-8FDC-42A3-9474-1A3956D46DE8}") = "解决方案项", "解决方案项", "{9FA3D6BD-1EC1-3BA5-80CB-CE02773A58D5}"
	ProjectSection(SolutionItems) = preProject
		logo.png = logo.png
		readMe.md = readMe.md
		readme_En.md = readme_En.md
		README_zh-CN.md = README_zh-CN.md
	EndProjectSection
EndProject
Project("{2150E333-8FDC-42A3-9474-1A3956D46DE8}") = "docs", "docs", "{D508948C-BB6C-47A7-B260-D2066F4B944A}"
	ProjectSection(SolutionItems) = preProject
		docs\agent-integration.md = docs\agent-integration.md
		docs\agent-integration_zh-CN.md = docs\agent-integration_zh-CN.md
		docs\api.md = docs\api.md
		docs\api_zh-CN.md = docs\api_zh-CN.md
		docs\architecture.md = docs\architecture.md
		docs\architecture_zh-CN.md = docs\architecture_zh-CN.md
		docs\builtin-skills.md = docs\builtin-skills.md
		docs\builtin-skills_zh-CN.md = docs\builtin-skills_zh-CN.md
		docs\configuration-security.md = docs\configuration-security.md
		docs\configuration-security_zh-CN.md = docs\configuration-security_zh-CN.md
		docs\coze-system-prompt.md = docs\coze-system-prompt.md
		docs\coze-system-prompt_zh-CN.md = docs\coze-system-prompt_zh-CN.md
		docs\deployment-platform.md = docs\deployment-platform.md
		docs\deployment-platform_zh-CN.md = docs\deployment-platform_zh-CN.md
		docs\README.md = docs\README.md
		docs\README_zh-CN.md = docs\README_zh-CN.md
		docs\troubleshooting.md = docs\troubleshooting.md
		docs\troubleshooting_zh-CN.md = docs\troubleshooting_zh-CN.md
	EndProjectSection
EndProject
Project("{2150E333-8FDC-42A3-9474-1A3956D46DE8}") = "images", "images", "{99811B2D-D62F-481F-9EDF-154241A723AE}"
	ProjectSection(SolutionItems) = preProject
		docs\images\architecture.png = docs\images\architecture.png
		docs\images\capability-discovery.png = docs\images\capability-discovery.png
		docs\images\coze-agent-config.png = docs\images\coze-agent-config.png
		docs\images\coze-trace.png = docs\images\coze-trace.png
		docs\images\demo-1.png = docs\images\demo-1.png
		docs\images\demo-2.png = docs\images\demo-2.png
		docs\images\Figure2_Capability_Discovery_Sequence.png = docs\images\Figure2_Capability_Discovery_Sequence.png
		docs\images\Figure3_Deployment_Topology.png = docs\images\Figure3_Deployment_Topology.png
		docs\images\skill-manifest.png = docs\images\skill-manifest.png
		docs\images\swagger-1.png = docs\images\swagger-1.png
	EndProjectSection
EndProject
Project("{2150E333-8FDC-42A3-9474-1A3956D46DE8}") = "samples", "samples", "{D8025230-AF9D-4240-A23F-E920F20A173C}"
	ProjectSection(SolutionItems) = preProject
		samples\demo.png = samples\demo.png
		samples\README.md = samples\README.md
		samples\README_zh-CN.md = samples\README_zh-CN.md
	EndProjectSection
EndProject
Global
	GlobalSection(SolutionConfigurationPlatforms) = preSolution
		Debug|Any CPU = Debug|Any CPU
		Release|Any CPU = Release|Any CPU
	EndGlobalSection
	GlobalSection(ProjectConfigurationPlatforms) = postSolution
		{F7041F29-DF2D-4395-B7AC-C2D4C165B39B}.Debug|Any CPU.ActiveCfg = Debug|Any CPU
		{F7041F29-DF2D-4395-B7AC-C2D4C165B39B}.Debug|Any CPU.Build.0 = Debug|Any CPU
		{F7041F29-DF2D-4395-B7AC-C2D4C165B39B}.Release|Any CPU.ActiveCfg = Release|Any CPU
		{F7041F29-DF2D-4395-B7AC-C2D4C165B39B}.Release|Any CPU.Build.0 = Release|Any CPU
		{85D9BA82-6272-E344-DD1E-85D09B902C4F}.Debug|Any CPU.ActiveCfg = Debug|Any CPU
		{85D9BA82-6272-E344-DD1E-85D09B902C4F}.Debug|Any CPU.Build.0 = Debug|Any CPU
		{85D9BA82-6272-E344-DD1E-85D09B902C4F}.Release|Any CPU.ActiveCfg = Release|Any CPU
		{85D9BA82-6272-E344-DD1E-85D09B902C4F}.Release|Any CPU.Build.0 = Release|Any CPU
	EndGlobalSection
	GlobalSection(SolutionProperties) = preSolution
		HideSolutionNode = FALSE
	EndGlobalSection
	GlobalSection(NestedProjects) = preSolution
		{D508948C-BB6C-47A7-B260-D2066F4B944A} = {9FA3D6BD-1EC1-3BA5-80CB-CE02773A58D5}
		{99811B2D-D62F-481F-9EDF-154241A723AE} = {D508948C-BB6C-47A7-B260-D2066F4B944A}
		{D8025230-AF9D-4240-A23F-E920F20A173C} = {9FA3D6BD-1EC1-3BA5-80CB-CE02773A58D5}
	EndGlobalSection
	GlobalSection(ExtensibilityGlobals) = postSolution
		SolutionGuid = {C2C0C6B2-EFD3-469A-93CE-95F2D86BF488}
	EndGlobalSection
EndGlobal
